
Microsoft Visual Studio Solution File, Format Version 12.00
# Visual Studio Version 17
VisualStudioVersion = 17.12.35707.178
MinimumVisualStudioVersion = 10.0.40219.1
Project("{2150E333-8FDC-42A3-9474-1A3956D46DE8}") = "1-Singleton", "1-Singleton", "{ADC4BE43-A9C7-4411-8715-A908604E0B45}"
EndProject
Project("{2150E333-8FDC-42A3-9474-1A3956D46DE8}") = "2-Dictionaries", "2-Dictionaries", "{24675C6A-3CC8-42C3-8F64-5F79EF94200A}"
EndProject
Project("{2150E333-8FDC-42A3-9474-1A3956D46DE8}") = "3-LinqWhere", "3-LinqWhere", "{E520EB35-4D67-4F6D-9C5E-5C79DBDB7B2B}"
EndProject
Project("{2150E333-8FDC-42A3-9474-1A3956D46DE8}") = "4-CodeSnippet", "4-CodeSnippet", "{455A91DF-D423-47BC-9078-918754B3BFDC}"
EndProject
Project("{2150E333-8FDC-42A3-9474-1A3956D46DE8}") = "5-AsyncSplitBatch", "5-AsyncSplitBatch", "{84FD5086-8928-409F-9528-2B61E5689A61}"
EndProject
Project("{2150E333-8FDC-42A3-9474-1A3956D46DE8}") = "0-Docs", "0-Docs", "{587E7713-75E9-4BBB-AB6F-0625F2008F94}"
	ProjectSection(SolutionItems) = preProject
		C# test 2025.docx = C# test 2025.docx
	EndProjectSection
EndProject
Project("{FAE04EC0-301F-11D3-BF4B-00C04F79EFBC}") = "Murano.CodeSnippet.Tests", "Murano.CodeSnippet\Murano.CodeSnippet.Tests.csproj", "{0D8067F4-2967-4B6D-B573-268F9E2DDA86}"
EndProject
Project("{FAE04EC0-301F-11D3-BF4B-00C04F79EFBC}") = "Murano.CodeSnippet.Lib", "Murano.CodeSnippet.Lib\Murano.CodeSnippet.Lib.csproj", "{E00DEC30-4785-4ED3-ABCE-E0B3214F4FDC}"
EndProject
Project("{FAE04EC0-301F-11D3-BF4B-00C04F79EFBC}") = "Murano.CodeSnippet.LoadTest", "Murano.CodeSnippet.LoadTest\Murano.CodeSnippet.LoadTest.csproj", "{FECB89ED-4C6E-4B6F-A118-4BF8D409A29D}"
EndProject
Project("{FAE04EC0-301F-11D3-BF4B-00C04F79EFBC}") = "Murano.AsyncSplitBatch.Lib", "Murano.AsyncSplitBatch.Lib\Murano.AsyncSplitBatch.Lib.csproj", "{246C7305-CE18-4FAA-ADD0-FC8D8B910D10}"
EndProject
Project("{FAE04EC0-301F-11D3-BF4B-00C04F79EFBC}") = "Murano.AsyncSplitBatch", "Murano.AsyncSplitBatch\Murano.AsyncSplitBatch.csproj", "{B1B82765-FEF3-4910-8A9C-EEC2B460C6B0}"
EndProject
Project("{FAE04EC0-301F-11D3-BF4B-00C04F79EFBC}") = "Murano.AsyncSplitBatch.Tests", "Murano.AsyncSplitBatch.Tests\Murano.AsyncSplitBatch.Tests.csproj", "{B99844FA-9B9A-41F5-8165-82CE24C74510}"
EndProject
Project("{FAE04EC0-301F-11D3-BF4B-00C04F79EFBC}") = "Murano.EnumerableWhere.Lib", "Murano.EnumerableWhere.Lib\Murano.EnumerableWhere.Lib.csproj", "{4DCF37B7-51D6-46AC-B7D0-D73D6B66CC23}"
EndProject
Project("{FAE04EC0-301F-11D3-BF4B-00C04F79EFBC}") = "Murano.EnumerableWhere.Tests", "Murano.EnumerableWhere.Tests\Murano.EnumerableWhere.Tests.csproj", "{EC5B593F-5C2B-4A58-AF73-BAEB3B3592DD}"
EndProject
Project("{FAE04EC0-301F-11D3-BF4B-00C04F79EFBC}") = "Murano.EnumerableWhere", "Murano.EnumerableWhere\Murano.EnumerableWhere.csproj", "{95090B42-E065-4B58-95A2-BE197B3D7708}"
EndProject
Project("{FAE04EC0-301F-11D3-BF4B-00C04F79EFBC}") = "Murano.PriceDictionary.Lib", "Murano.PriceDictionary\Murano.PriceDictionary.Lib.csproj", "{FBEE8CF7-E911-4D26-8C50-23A48059C0FA}"
EndProject
Project("{FAE04EC0-301F-11D3-BF4B-00C04F79EFBC}") = "Murano.PriceDictionary.Tests", "Murano.PriceDictionary.Tests\Murano.PriceDictionary.Tests.csproj", "{F117FB4E-E0DF-40B6-8F3C-C1380831D33D}"
EndProject
Project("{FAE04EC0-301F-11D3-BF4B-00C04F79EFBC}") = "Murano.PriceDictionaryUse", "Murano.PriceDictionaryUse\Murano.PriceDictionaryUse.csproj", "{90849FF6-205F-48F0-98C3-66DDA0A392AE}"
EndProject
Project("{FAE04EC0-301F-11D3-BF4B-00C04F79EFBC}") = "Murano.Singleton.Lib", "Murano.Singleton.Lib\Murano.Singleton.Lib.csproj", "{EA5AF4EA-3C26-40DA-AEB9-9EA0EEBB4D99}"
EndProject
Project("{FAE04EC0-301F-11D3-BF4B-00C04F79EFBC}") = "Murano.Singleton", "Murano.Singleton\Murano.Singleton.csproj", "{27B69CE0-9AF9-4BC7-9C7E-A9FCE9D7A00E}"
EndProject
Project("{FAE04EC0-301F-11D3-BF4B-00C04F79EFBC}") = "Murano.Singleton.Tests", "Murano.Singleton.Tests\Murano.Singleton.Tests.csproj", "{C6BF565A-4EDA-49B6-A35F-2DAFA219C920}"
EndProject
Global
	GlobalSection(SolutionConfigurationPlatforms) = preSolution
		Debug|Any CPU = Debug|Any CPU
		Release|Any CPU = Release|Any CPU
	EndGlobalSection
	GlobalSection(ProjectConfigurationPlatforms) = postSolution
		{0D8067F4-2967-4B6D-B573-268F9E2DDA86}.Debug|Any CPU.ActiveCfg = Debug|Any CPU
		{0D8067F4-2967-4B6D-B573-268F9E2DDA86}.Debug|Any CPU.Build.0 = Debug|Any CPU
		{0D8067F4-2967-4B6D-B573-268F9E2DDA86}.Release|Any CPU.ActiveCfg = Release|Any CPU
		{0D8067F4-2967-4B6D-B573-268F9E2DDA86}.Release|Any CPU.Build.0 = Release|Any CPU
		{E00DEC30-4785-4ED3-ABCE-E0B3214F4FDC}.Debug|Any CPU.ActiveCfg = Debug|Any CPU
		{E00DEC30-4785-4ED3-ABCE-E0B3214F4FDC}.Debug|Any CPU.Build.0 = Debug|Any CPU
		{E00DEC30-4785-4ED3-ABCE-E0B3214F4FDC}.Release|Any CPU.ActiveCfg = Release|Any CPU
		{E00DEC30-4785-4ED3-ABCE-E0B3214F4FDC}.Release|Any CPU.Build.0 = Release|Any CPU
		{FECB89ED-4C6E-4B6F-A118-4BF8D409A29D}.Debug|Any CPU.ActiveCfg = Debug|Any CPU
		{FECB89ED-4C6E-4B6F-A118-4BF8D409A29D}.Debug|Any CPU.Build.0 = Debug|Any CPU
		{FECB89ED-4C6E-4B6F-A118-4BF8D409A29D}.Release|Any CPU.ActiveCfg = Release|Any CPU
		{FECB89ED-4C6E-4B6F-A118-4BF8D409A29D}.Release|Any CPU.Build.0 = Release|Any CPU
		{246C7305-CE18-4FAA-ADD0-FC8D8B910D10}.Debug|Any CPU.ActiveCfg = Debug|Any CPU
		{246C7305-CE18-4FAA-ADD0-FC8D8B910D10}.Debug|Any CPU.Build.0 = Debug|Any CPU
		{246C7305-CE18-4FAA-ADD0-FC8D8B910D10}.Release|Any CPU.ActiveCfg = Release|Any CPU
		{246C7305-CE18-4FAA-ADD0-FC8D8B910D10}.Release|Any CPU.Build.0 = Release|Any CPU
		{B1B82765-FEF3-4910-8A9C-EEC2B460C6B0}.Debug|Any CPU.ActiveCfg = Debug|Any CPU
		{B1B82765-FEF3-4910-8A9C-EEC2B460C6B0}.Debug|Any CPU.Build.0 = Debug|Any CPU
		{B1B82765-FEF3-4910-8A9C-EEC2B460C6B0}.Release|Any CPU.ActiveCfg = Release|Any CPU
		{B1B82765-FEF3-4910-8A9C-EEC2B460C6B0}.Release|Any CPU.Build.0 = Release|Any CPU
		{B99844FA-9B9A-41F5-8165-82CE24C74510}.Debug|Any CPU.ActiveCfg = Debug|Any CPU
		{B99844FA-9B9A-41F5-8165-82CE24C74510}.Debug|Any CPU.Build.0 = Debug|Any CPU
		{B99844FA-9B9A-41F5-8165-82CE24C74510}.Release|Any CPU.ActiveCfg = Release|Any CPU
		{B99844FA-9B9A-41F5-8165-82CE24C74510}.Release|Any CPU.Build.0 = Release|Any CPU
		{4DCF37B7-51D6-46AC-B7D0-D73D6B66CC23}.Debug|Any CPU.ActiveCfg = Debug|Any CPU
		{4DCF37B7-51D6-46AC-B7D0-D73D6B66CC23}.Debug|Any CPU.Build.0 = Debug|Any CPU
		{4DCF37B7-51D6-46AC-B7D0-D73D6B66CC23}.Release|Any CPU.ActiveCfg = Release|Any CPU
		{4DCF37B7-51D6-46AC-B7D0-D73D6B66CC23}.Release|Any CPU.Build.0 = Release|Any CPU
		{EC5B593F-5C2B-4A58-AF73-BAEB3B3592DD}.Debug|Any CPU.ActiveCfg = Debug|Any CPU
		{EC5B593F-5C2B-4A58-AF73-BAEB3B3592DD}.Debug|Any CPU.Build.0 = Debug|Any CPU
		{EC5B593F-5C2B-4A58-AF73-BAEB3B3592DD}.Release|Any CPU.ActiveCfg = Release|Any CPU
		{EC5B593F-5C2B-4A58-AF73-BAEB3B3592DD}.Release|Any CPU.Build.0 = Release|Any CPU
		{95090B42-E065-4B58-95A2-BE197B3D7708}.Debug|Any CPU.ActiveCfg = Debug|Any CPU
		{95090B42-E065-4B58-95A2-BE197B3D7708}.Debug|Any CPU.Build.0 = Debug|Any CPU
		{95090B42-E065-4B58-95A2-BE197B3D7708}.Release|Any CPU.ActiveCfg = Release|Any CPU
		{95090B42-E065-4B58-95A2-BE197B3D7708}.Release|Any CPU.Build.0 = Release|Any CPU
		{FBEE8CF7-E911-4D26-8C50-23A48059C0FA}.Debug|Any CPU.ActiveCfg = Debug|Any CPU
		{FBEE8CF7-E911-4D26-8C50-23A48059C0FA}.Debug|Any CPU.Build.0 = Debug|Any CPU
		{FBEE8CF7-E911-4D26-8C50-23A48059C0FA}.Release|Any CPU.ActiveCfg = Release|Any CPU
		{FBEE8CF7-E911-4D26-8C50-23A48059C0FA}.Release|Any CPU.Build.0 = Release|Any CPU
		{F117FB4E-E0DF-40B6-8F3C-C1380831D33D}.Debug|Any CPU.ActiveCfg = Debug|Any CPU
		{F117FB4E-E0DF-40B6-8F3C-C1380831D33D}.Debug|Any CPU.Build.0 = Debug|Any CPU
		{F117FB4E-E0DF-40B6-8F3C-C1380831D33D}.Release|Any CPU.ActiveCfg = Release|Any CPU
		{F117FB4E-E0DF-40B6-8F3C-C1380831D33D}.Release|Any CPU.Build.0 = Release|Any CPU
		{90849FF6-205F-48F0-98C3-66DDA0A392AE}.Debug|Any CPU.ActiveCfg = Debug|Any CPU
		{90849FF6-205F-48F0-98C3-66DDA0A392AE}.Debug|Any CPU.Build.0 = Debug|Any CPU
		{90849FF6-205F-48F0-98C3-66DDA0A392AE}.Release|Any CPU.ActiveCfg = Release|Any CPU
		{90849FF6-205F-48F0-98C3-66DDA0A392AE}.Release|Any CPU.Build.0 = Release|Any CPU
		{EA5AF4EA-3C26-40DA-AEB9-9EA0EEBB4D99}.Debug|Any CPU.ActiveCfg = Debug|Any CPU
		{EA5AF4EA-3C26-40DA-AEB9-9EA0EEBB4D99}.Debug|Any CPU.Build.0 = Debug|Any CPU
		{EA5AF4EA-3C26-40DA-AEB9-9EA0EEBB4D99}.Release|Any CPU.ActiveCfg = Release|Any CPU
		{EA5AF4EA-3C26-40DA-AEB9-9EA0EEBB4D99}.Release|Any CPU.Build.0 = Release|Any CPU
		{27B69CE0-9AF9-4BC7-9C7E-A9FCE9D7A00E}.Debug|Any CPU.ActiveCfg = Debug|Any CPU
		{27B69CE0-9AF9-4BC7-9C7E-A9FCE9D7A00E}.Debug|Any CPU.Build.0 = Debug|Any CPU
		{27B69CE0-9AF9-4BC7-9C7E-A9FCE9D7A00E}.Release|Any CPU.ActiveCfg = Release|Any CPU
		{27B69CE0-9AF9-4BC7-9C7E-A9FCE9D7A00E}.Release|Any CPU.Build.0 = Release|Any CPU
		{C6BF565A-4EDA-49B6-A35F-2DAFA219C920}.Debug|Any CPU.ActiveCfg = Debug|Any CPU
		{C6BF565A-4EDA-49B6-A35F-2DAFA219C920}.Debug|Any CPU.Build.0 = Debug|Any CPU
		{C6BF565A-4EDA-49B6-A35F-2DAFA219C920}.Release|Any CPU.ActiveCfg = Release|Any CPU
		{C6BF565A-4EDA-49B6-A35F-2DAFA219C920}.Release|Any CPU.Build.0 = Release|Any CPU
	EndGlobalSection
	GlobalSection(SolutionProperties) = preSolution
		HideSolutionNode = FALSE
	EndGlobalSection
	GlobalSection(NestedProjects) = preSolution
		{0D8067F4-2967-4B6D-B573-268F9E2DDA86} = {455A91DF-D423-47BC-9078-918754B3BFDC}
		{E00DEC30-4785-4ED3-ABCE-E0B3214F4FDC} = {455A91DF-D423-47BC-9078-918754B3BFDC}
		{FECB89ED-4C6E-4B6F-A118-4BF8D409A29D} = {455A91DF-D423-47BC-9078-918754B3BFDC}
		{246C7305-CE18-4FAA-ADD0-FC8D8B910D10} = {84FD5086-8928-409F-9528-2B61E5689A61}
		{B1B82765-FEF3-4910-8A9C-EEC2B460C6B0} = {84FD5086-8928-409F-9528-2B61E5689A61}
		{B99844FA-9B9A-41F5-8165-82CE24C74510} = {84FD5086-8928-409F-9528-2B61E5689A61}
		{4DCF37B7-51D6-46AC-B7D0-D73D6B66CC23} = {E520EB35-4D67-4F6D-9C5E-5C79DBDB7B2B}
		{EC5B593F-5C2B-4A58-AF73-BAEB3B3592DD} = {E520EB35-4D67-4F6D-9C5E-5C79DBDB7B2B}
		{95090B42-E065-4B58-95A2-BE197B3D7708} = {E520EB35-4D67-4F6D-9C5E-5C79DBDB7B2B}
		{FBEE8CF7-E911-4D26-8C50-23A48059C0FA} = {24675C6A-3CC8-42C3-8F64-5F79EF94200A}
		{F117FB4E-E0DF-40B6-8F3C-C1380831D33D} = {24675C6A-3CC8-42C3-8F64-5F79EF94200A}
		{90849FF6-205F-48F0-98C3-66DDA0A392AE} = {24675C6A-3CC8-42C3-8F64-5F79EF94200A}
		{EA5AF4EA-3C26-40DA-AEB9-9EA0EEBB4D99} = {ADC4BE43-A9C7-4411-8715-A908604E0B45}
		{27B69CE0-9AF9-4BC7-9C7E-A9FCE9D7A00E} = {ADC4BE43-A9C7-4411-8715-A908604E0B45}
		{C6BF565A-4EDA-49B6-A35F-2DAFA219C920} = {ADC4BE43-A9C7-4411-8715-A908604E0B45}
	EndGlobalSection
EndGlobal
